// !$*UTF8*$!
{
	archiveVersion = 1;
	classes = {
	};
	objectVersion = 48;
	objects = {

/* Begin PBXBuildFile section */
		7437430F1F24FA30003CBA94 /* TripTests.swift in Sources */ = {isa = PBXBuildFile; fileRef = 7437430E1F24FA30003CBA94 /* TripTests.swift */; };
		7474501B1F3C573000718FE6 /* NMBS_iOS.framework in Copy Files to Organizer */ = {isa = PBXBuildFile; fileRef = 747775711F25093E009830C8 /* NMBS_iOS.framework */; };
		7474501D1F3C576D00718FE6 /* NMBS_watchOS.framework in Copy Files to Organiser */ = {isa = PBXBuildFile; fileRef = 747775951F2509B2009830C8 /* NMBS_watchOS.framework */; };
		7477757A1F25093E009830C8 /* NMBS_iOS.framework in Frameworks */ = {isa = PBXBuildFile; fileRef = 747775711F25093E009830C8 /* NMBS_iOS.framework */; };
		747775811F25093E009830C8 /* NMBS_iOS.h in Headers */ = {isa = PBXBuildFile; fileRef = 747775731F25093E009830C8 /* NMBS_iOS.h */; settings = {ATTRIBUTES = (Public, ); }; };
		747775881F250951009830C8 /* decoder.swift in Sources */ = {isa = PBXBuildFile; fileRef = 74C3F1181F234A0C003C46A0 /* decoder.swift */; };
		747775891F250951009830C8 /* RailwayStation.swift in Sources */ = {isa = PBXBuildFile; fileRef = 74E29A451F110033006B40CD /* RailwayStation.swift */; };
		7477758A1F250951009830C8 /* RailwayStationList.swift in Sources */ = {isa = PBXBuildFile; fileRef = 74FA53AF1F23144100EB3681 /* RailwayStationList.swift */; };
		7477758B1F250951009830C8 /* Trip.swift in Sources */ = {isa = PBXBuildFile; fileRef = 74FA53B11F233B4E00EB3681 /* Trip.swift */; };
		7477758C1F250951009830C8 /* iRailTripStructures.swift in Sources */ = {isa = PBXBuildFile; fileRef = 74B4BF431F236606007B6B77 /* iRailTripStructures.swift */; };
		7477758D1F250951009830C8 /* TripSuggestions.swift in Sources */ = {isa = PBXBuildFile; fileRef = 74B4BF411F2352B0007B6B77 /* TripSuggestions.swift */; };
		7477758E1F250980009830C8 /* RailwayStationTests.swift in Sources */ = {isa = PBXBuildFile; fileRef = 74E29A391F11000A006B40CD /* RailwayStationTests.swift */; };
		7477758F1F250980009830C8 /* TripTests.swift in Sources */ = {isa = PBXBuildFile; fileRef = 7437430E1F24FA30003CBA94 /* TripTests.swift */; };
		747775991F2509B2009830C8 /* NMBS_watchOS.h in Headers */ = {isa = PBXBuildFile; fileRef = 747775971F2509B2009830C8 /* NMBS_watchOS.h */; settings = {ATTRIBUTES = (Public, ); }; };
		7477759D1F2509C9009830C8 /* decoder.swift in Sources */ = {isa = PBXBuildFile; fileRef = 74C3F1181F234A0C003C46A0 /* decoder.swift */; };
		7477759E1F2509C9009830C8 /* RailwayStation.swift in Sources */ = {isa = PBXBuildFile; fileRef = 74E29A451F110033006B40CD /* RailwayStation.swift */; };
		7477759F1F2509C9009830C8 /* RailwayStationList.swift in Sources */ = {isa = PBXBuildFile; fileRef = 74FA53AF1F23144100EB3681 /* RailwayStationList.swift */; };
		747775A01F2509C9009830C8 /* Trip.swift in Sources */ = {isa = PBXBuildFile; fileRef = 74FA53B11F233B4E00EB3681 /* Trip.swift */; };
		747775A11F2509C9009830C8 /* iRailTripStructures.swift in Sources */ = {isa = PBXBuildFile; fileRef = 74B4BF431F236606007B6B77 /* iRailTripStructures.swift */; };
		747775A21F2509C9009830C8 /* TripSuggestions.swift in Sources */ = {isa = PBXBuildFile; fileRef = 74B4BF411F2352B0007B6B77 /* TripSuggestions.swift */; };
		747775B11F2509EC009830C8 /* NMBS_tvOS.framework in Frameworks */ = {isa = PBXBuildFile; fileRef = 747775A81F2509EC009830C8 /* NMBS_tvOS.framework */; };
		747775B61F2509EC009830C8 /* NMBS_tvOSTests.swift in Sources */ = {isa = PBXBuildFile; fileRef = 747775B51F2509EC009830C8 /* NMBS_tvOSTests.swift */; };
		747775B81F2509EC009830C8 /* NMBS_tvOS.h in Headers */ = {isa = PBXBuildFile; fileRef = 747775AA1F2509EC009830C8 /* NMBS_tvOS.h */; settings = {ATTRIBUTES = (Public, ); }; };
		747775BF1F2509FD009830C8 /* decoder.swift in Sources */ = {isa = PBXBuildFile; fileRef = 74C3F1181F234A0C003C46A0 /* decoder.swift */; };
		747775C01F2509FD009830C8 /* RailwayStation.swift in Sources */ = {isa = PBXBuildFile; fileRef = 74E29A451F110033006B40CD /* RailwayStation.swift */; };
		747775C11F2509FD009830C8 /* RailwayStationList.swift in Sources */ = {isa = PBXBuildFile; fileRef = 74FA53AF1F23144100EB3681 /* RailwayStationList.swift */; };
		747775C21F2509FD009830C8 /* Trip.swift in Sources */ = {isa = PBXBuildFile; fileRef = 74FA53B11F233B4E00EB3681 /* Trip.swift */; };
		747775C31F2509FD009830C8 /* iRailTripStructures.swift in Sources */ = {isa = PBXBuildFile; fileRef = 74B4BF431F236606007B6B77 /* iRailTripStructures.swift */; };
		747775C41F2509FD009830C8 /* TripSuggestions.swift in Sources */ = {isa = PBXBuildFile; fileRef = 74B4BF411F2352B0007B6B77 /* TripSuggestions.swift */; };
		747775C51F250A0B009830C8 /* RailwayStationTests.swift in Sources */ = {isa = PBXBuildFile; fileRef = 74E29A391F11000A006B40CD /* RailwayStationTests.swift */; };
		747775C61F250A0B009830C8 /* TripTests.swift in Sources */ = {isa = PBXBuildFile; fileRef = 7437430E1F24FA30003CBA94 /* TripTests.swift */; };
		747775CD1F251868009830C8 /* NMBS.framework in Copy Files to Organiser */ = {isa = PBXBuildFile; fileRef = 74E29A2B1F11000A006B40CD /* NMBS.framework */; };
		74B4BF421F2352B0007B6B77 /* TripSuggestions.swift in Sources */ = {isa = PBXBuildFile; fileRef = 74B4BF411F2352B0007B6B77 /* TripSuggestions.swift */; };
		74B4BF441F236606007B6B77 /* iRailTripStructures.swift in Sources */ = {isa = PBXBuildFile; fileRef = 74B4BF431F236606007B6B77 /* iRailTripStructures.swift */; };
		74C3F1191F234A0C003C46A0 /* decoder.swift in Sources */ = {isa = PBXBuildFile; fileRef = 74C3F1181F234A0C003C46A0 /* decoder.swift */; };
		74E29A351F11000A006B40CD /* NMBS.framework in Frameworks */ = {isa = PBXBuildFile; fileRef = 74E29A2B1F11000A006B40CD /* NMBS.framework */; };
		74E29A3A1F11000A006B40CD /* RailwayStationTests.swift in Sources */ = {isa = PBXBuildFile; fileRef = 74E29A391F11000A006B40CD /* RailwayStationTests.swift */; };
		74E29A3C1F11000A006B40CD /* NMBS.h in Headers */ = {isa = PBXBuildFile; fileRef = 74E29A2E1F11000A006B40CD /* NMBS.h */; settings = {ATTRIBUTES = (Public, ); }; };
		74E29A461F110034006B40CD /* RailwayStation.swift in Sources */ = {isa = PBXBuildFile; fileRef = 74E29A451F110033006B40CD /* RailwayStation.swift */; };
		74FA53B01F23144100EB3681 /* RailwayStationList.swift in Sources */ = {isa = PBXBuildFile; fileRef = 74FA53AF1F23144100EB3681 /* RailwayStationList.swift */; };
		74FA53B21F233B4E00EB3681 /* Trip.swift in Sources */ = {isa = PBXBuildFile; fileRef = 74FA53B11F233B4E00EB3681 /* Trip.swift */; };
/* End PBXBuildFile section */

/* Begin PBXContainerItemProxy section */
		7477757B1F25093E009830C8 /* PBXContainerItemProxy */ = {
			isa = PBXContainerItemProxy;
			containerPortal = 74E29A221F110009006B40CD /* Project object */;
			proxyType = 1;
			remoteGlobalIDString = 747775701F25093E009830C8;
			remoteInfo = "NMBS-iOS";
		};
		747775B21F2509EC009830C8 /* PBXContainerItemProxy */ = {
			isa = PBXContainerItemProxy;
			containerPortal = 74E29A221F110009006B40CD /* Project object */;
			proxyType = 1;
			remoteGlobalIDString = 747775A71F2509EC009830C8;
			remoteInfo = "NMBS-tvOS";
		};
		74E29A361F11000A006B40CD /* PBXContainerItemProxy */ = {
			isa = PBXContainerItemProxy;
			containerPortal = 74E29A221F110009006B40CD /* Project object */;
			proxyType = 1;
			remoteGlobalIDString = 74E29A2A1F11000A006B40CD;
			remoteInfo = NMBS;
		};
/* End PBXContainerItemProxy section */

/* Begin PBXCopyFilesBuildPhase section */
		7474501A1F3C571900718FE6 /* Copy Files to Organizer */ = {
			isa = PBXCopyFilesBuildPhase;
			buildActionMask = 2147483647;
			dstPath = "$(BUILD_DIR)";
			dstSubfolderSpec = 0;
			files = (
				7474501B1F3C573000718FE6 /* NMBS_iOS.framework in Copy Files to Organizer */,
			);
			name = "Copy Files to Organizer";
			runOnlyForDeploymentPostprocessing = 0;
		};
		7474501C1F3C575F00718FE6 /* Copy Files to Organiser */ = {
			isa = PBXCopyFilesBuildPhase;
			buildActionMask = 2147483647;
			dstPath = "$(BUILD_DIR)";
			dstSubfolderSpec = 0;
			files = (
				7474501D1F3C576D00718FE6 /* NMBS_watchOS.framework in Copy Files to Organiser */,
			);
			name = "Copy Files to Organiser";
			runOnlyForDeploymentPostprocessing = 0;
		};
		747775CA1F2517BA009830C8 /* Copy Files to Organiser */ = {
			isa = PBXCopyFilesBuildPhase;
			buildActionMask = 2147483647;
			dstPath = "$(BUILD_DIR)";
			dstSubfolderSpec = 0;
			files = (
			);
			name = "Copy Files to Organiser";
			runOnlyForDeploymentPostprocessing = 0;
		};
		747775CC1F25184C009830C8 /* Copy Files to Organiser */ = {
			isa = PBXCopyFilesBuildPhase;
			buildActionMask = 2147483647;
			dstPath = "$(BUILD_DIR)";
			dstSubfolderSpec = 0;
			files = (
				747775CD1F251868009830C8 /* NMBS.framework in Copy Files to Organiser */,
			);
			name = "Copy Files to Organiser";
			runOnlyForDeploymentPostprocessing = 0;
		};
/* End PBXCopyFilesBuildPhase section */

/* Begin PBXFileReference section */
		7437430D1F24C4DF003CBA94 /* README.md */ = {isa = PBXFileReference; lastKnownFileType = net.daringfireball.markdown; path = README.md; sourceTree = "<group>"; };
		7437430E1F24FA30003CBA94 /* TripTests.swift */ = {isa = PBXFileReference; lastKnownFileType = sourcecode.swift; path = TripTests.swift; sourceTree = "<group>"; };
		747775711F25093E009830C8 /* NMBS_iOS.framework */ = {isa = PBXFileReference; explicitFileType = wrapper.framework; includeInIndex = 0; path = NMBS_iOS.framework; sourceTree = BUILT_PRODUCTS_DIR; };
		747775731F25093E009830C8 /* NMBS_iOS.h */ = {isa = PBXFileReference; lastKnownFileType = sourcecode.c.h; path = NMBS_iOS.h; sourceTree = "<group>"; };
		747775741F25093E009830C8 /* Info.plist */ = {isa = PBXFileReference; lastKnownFileType = text.plist.xml; path = Info.plist; sourceTree = "<group>"; };
		747775791F25093E009830C8 /* NMBS-iOSTests.xctest */ = {isa = PBXFileReference; explicitFileType = wrapper.cfbundle; includeInIndex = 0; path = "NMBS-iOSTests.xctest"; sourceTree = BUILT_PRODUCTS_DIR; };
		747775801F25093E009830C8 /* Info.plist */ = {isa = PBXFileReference; lastKnownFileType = text.plist.xml; path = Info.plist; sourceTree = "<group>"; };
		747775951F2509B2009830C8 /* NMBS_watchOS.framework */ = {isa = PBXFileReference; explicitFileType = wrapper.framework; includeInIndex = 0; path = NMBS_watchOS.framework; sourceTree = BUILT_PRODUCTS_DIR; };
		747775971F2509B2009830C8 /* NMBS_watchOS.h */ = {isa = PBXFileReference; lastKnownFileType = sourcecode.c.h; path = NMBS_watchOS.h; sourceTree = "<group>"; };
		747775981F2509B2009830C8 /* Info.plist */ = {isa = PBXFileReference; lastKnownFileType = text.plist.xml; path = Info.plist; sourceTree = "<group>"; };
		747775A81F2509EC009830C8 /* NMBS_tvOS.framework */ = {isa = PBXFileReference; explicitFileType = wrapper.framework; includeInIndex = 0; path = NMBS_tvOS.framework; sourceTree = BUILT_PRODUCTS_DIR; };
		747775AA1F2509EC009830C8 /* NMBS_tvOS.h */ = {isa = PBXFileReference; lastKnownFileType = sourcecode.c.h; path = NMBS_tvOS.h; sourceTree = "<group>"; };
		747775AB1F2509EC009830C8 /* Info.plist */ = {isa = PBXFileReference; lastKnownFileType = text.plist.xml; path = Info.plist; sourceTree = "<group>"; };
		747775B01F2509EC009830C8 /* NMBS-tvOSTests.xctest */ = {isa = PBXFileReference; explicitFileType = wrapper.cfbundle; includeInIndex = 0; path = "NMBS-tvOSTests.xctest"; sourceTree = BUILT_PRODUCTS_DIR; };
		747775B51F2509EC009830C8 /* NMBS_tvOSTests.swift */ = {isa = PBXFileReference; lastKnownFileType = sourcecode.swift; path = NMBS_tvOSTests.swift; sourceTree = "<group>"; };
		747775B71F2509EC009830C8 /* Info.plist */ = {isa = PBXFileReference; lastKnownFileType = text.plist.xml; path = Info.plist; sourceTree = "<group>"; };
		74B4BF411F2352B0007B6B77 /* TripSuggestions.swift */ = {isa = PBXFileReference; lastKnownFileType = sourcecode.swift; path = TripSuggestions.swift; sourceTree = "<group>"; };
		74B4BF431F236606007B6B77 /* iRailTripStructures.swift */ = {isa = PBXFileReference; lastKnownFileType = sourcecode.swift; path = iRailTripStructures.swift; sourceTree = "<group>"; };
		74C3F1181F234A0C003C46A0 /* decoder.swift */ = {isa = PBXFileReference; lastKnownFileType = sourcecode.swift; path = decoder.swift; sourceTree = "<group>"; };
		74E29A2B1F11000A006B40CD /* NMBS.framework */ = {isa = PBXFileReference; explicitFileType = wrapper.framework; includeInIndex = 0; path = NMBS.framework; sourceTree = BUILT_PRODUCTS_DIR; };
		74E29A2E1F11000A006B40CD /* NMBS.h */ = {isa = PBXFileReference; lastKnownFileType = sourcecode.c.h; path = NMBS.h; sourceTree = "<group>"; };
		74E29A2F1F11000A006B40CD /* Info.plist */ = {isa = PBXFileReference; lastKnownFileType = text.plist.xml; path = Info.plist; sourceTree = "<group>"; };
		74E29A341F11000A006B40CD /* NMBSTests.xctest */ = {isa = PBXFileReference; explicitFileType = wrapper.cfbundle; includeInIndex = 0; path = NMBSTests.xctest; sourceTree = BUILT_PRODUCTS_DIR; };
		74E29A391F11000A006B40CD /* RailwayStationTests.swift */ = {isa = PBXFileReference; lastKnownFileType = sourcecode.swift; path = RailwayStationTests.swift; sourceTree = "<group>"; };
		74E29A3B1F11000A006B40CD /* Info.plist */ = {isa = PBXFileReference; lastKnownFileType = text.plist.xml; path = Info.plist; sourceTree = "<group>"; };
		74E29A451F110033006B40CD /* RailwayStation.swift */ = {isa = PBXFileReference; lastKnownFileType = sourcecode.swift; path = RailwayStation.swift; sourceTree = "<group>"; };
		74FA53AF1F23144100EB3681 /* RailwayStationList.swift */ = {isa = PBXFileReference; lastKnownFileType = sourcecode.swift; path = RailwayStationList.swift; sourceTree = "<group>"; };
		74FA53B11F233B4E00EB3681 /* Trip.swift */ = {isa = PBXFileReference; lastKnownFileType = sourcecode.swift; path = Trip.swift; sourceTree = "<group>"; };
/* End PBXFileReference section */

/* Begin PBXFrameworksBuildPhase section */
		7477756D1F25093E009830C8 /* Frameworks */ = {
			isa = PBXFrameworksBuildPhase;
			buildActionMask = 2147483647;
			files = (
			);
			runOnlyForDeploymentPostprocessing = 0;
		};
		747775761F25093E009830C8 /* Frameworks */ = {
			isa = PBXFrameworksBuildPhase;
			buildActionMask = 2147483647;
			files = (
				7477757A1F25093E009830C8 /* NMBS_iOS.framework in Frameworks */,
			);
			runOnlyForDeploymentPostprocessing = 0;
		};
		747775911F2509B2009830C8 /* Frameworks */ = {
			isa = PBXFrameworksBuildPhase;
			buildActionMask = 2147483647;
			files = (
			);
			runOnlyForDeploymentPostprocessing = 0;
		};
		747775A41F2509EC009830C8 /* Frameworks */ = {
			isa = PBXFrameworksBuildPhase;
			buildActionMask = 2147483647;
			files = (
			);
			runOnlyForDeploymentPostprocessing = 0;
		};
		747775AD1F2509EC009830C8 /* Frameworks */ = {
			isa = PBXFrameworksBuildPhase;
			buildActionMask = 2147483647;
			files = (
				747775B11F2509EC009830C8 /* NMBS_tvOS.framework in Frameworks */,
			);
			runOnlyForDeploymentPostprocessing = 0;
		};
		74E29A271F11000A006B40CD /* Frameworks */ = {
			isa = PBXFrameworksBuildPhase;
			buildActionMask = 2147483647;
			files = (
			);
			runOnlyForDeploymentPostprocessing = 0;
		};
		74E29A311F11000A006B40CD /* Frameworks */ = {
			isa = PBXFrameworksBuildPhase;
			buildActionMask = 2147483647;
			files = (
				74E29A351F11000A006B40CD /* NMBS.framework in Frameworks */,
			);
			runOnlyForDeploymentPostprocessing = 0;
		};
/* End PBXFrameworksBuildPhase section */

/* Begin PBXGroup section */
		747775721F25093E009830C8 /* NMBS-iOS */ = {
			isa = PBXGroup;
			children = (
				747775731F25093E009830C8 /* NMBS_iOS.h */,
				747775741F25093E009830C8 /* Info.plist */,
			);
			path = "NMBS-iOS";
			sourceTree = "<group>";
		};
		7477757D1F25093E009830C8 /* NMBS-iOSTests */ = {
			isa = PBXGroup;
			children = (
				747775801F25093E009830C8 /* Info.plist */,
			);
			path = "NMBS-iOSTests";
			sourceTree = "<group>";
		};
		747775961F2509B2009830C8 /* NMBS-watchOS */ = {
			isa = PBXGroup;
			children = (
				747775971F2509B2009830C8 /* NMBS_watchOS.h */,
				747775981F2509B2009830C8 /* Info.plist */,
			);
			path = "NMBS-watchOS";
			sourceTree = "<group>";
		};
		747775A91F2509EC009830C8 /* NMBS-tvOS */ = {
			isa = PBXGroup;
			children = (
				747775AA1F2509EC009830C8 /* NMBS_tvOS.h */,
				747775AB1F2509EC009830C8 /* Info.plist */,
			);
			path = "NMBS-tvOS";
			sourceTree = "<group>";
		};
		747775B41F2509EC009830C8 /* NMBS-tvOSTests */ = {
			isa = PBXGroup;
			children = (
				747775B51F2509EC009830C8 /* NMBS_tvOSTests.swift */,
				747775B71F2509EC009830C8 /* Info.plist */,
			);
			path = "NMBS-tvOSTests";
			sourceTree = "<group>";
		};
		747775C91F250DB0009830C8 /* Platforms */ = {
			isa = PBXGroup;
			children = (
				747775721F25093E009830C8 /* NMBS-iOS */,
				7477757D1F25093E009830C8 /* NMBS-iOSTests */,
				747775A91F2509EC009830C8 /* NMBS-tvOS */,
				747775B41F2509EC009830C8 /* NMBS-tvOSTests */,
				747775961F2509B2009830C8 /* NMBS-watchOS */,
			);
			path = Platforms;
			sourceTree = "<group>";
		};
		74E29A211F110009006B40CD = {
			isa = PBXGroup;
			children = (
				7437430D1F24C4DF003CBA94 /* README.md */,
				74E29A2D1F11000A006B40CD /* NMBS */,
				74E29A381F11000A006B40CD /* NMBSTests */,
				747775C91F250DB0009830C8 /* Platforms */,
				74E29A2C1F11000A006B40CD /* Products */,
			);
			sourceTree = "<group>";
		};
		74E29A2C1F11000A006B40CD /* Products */ = {
			isa = PBXGroup;
			children = (
				74E29A2B1F11000A006B40CD /* NMBS.framework */,
				74E29A341F11000A006B40CD /* NMBSTests.xctest */,
				747775711F25093E009830C8 /* NMBS_iOS.framework */,
				747775791F25093E009830C8 /* NMBS-iOSTests.xctest */,
				747775951F2509B2009830C8 /* NMBS_watchOS.framework */,
				747775A81F2509EC009830C8 /* NMBS_tvOS.framework */,
				747775B01F2509EC009830C8 /* NMBS-tvOSTests.xctest */,
			);
			name = Products;
			sourceTree = "<group>";
		};
		74E29A2D1F11000A006B40CD /* NMBS */ = {
			isa = PBXGroup;
			children = (
				74E29A2E1F11000A006B40CD /* NMBS.h */,
				74C3F1181F234A0C003C46A0 /* decoder.swift */,
				74E29A451F110033006B40CD /* RailwayStation.swift */,
				74FA53AF1F23144100EB3681 /* RailwayStationList.swift */,
				74FA53B11F233B4E00EB3681 /* Trip.swift */,
				74B4BF431F236606007B6B77 /* iRailTripStructures.swift */,
				74B4BF411F2352B0007B6B77 /* TripSuggestions.swift */,
				74E29A2F1F11000A006B40CD /* Info.plist */,
			);
			path = NMBS;
			sourceTree = "<group>";
		};
		74E29A381F11000A006B40CD /* NMBSTests */ = {
			isa = PBXGroup;
			children = (
				74E29A391F11000A006B40CD /* RailwayStationTests.swift */,
				7437430E1F24FA30003CBA94 /* TripTests.swift */,
				74E29A3B1F11000A006B40CD /* Info.plist */,
			);
			path = NMBSTests;
			sourceTree = "<group>";
		};
/* End PBXGroup section */

/* Begin PBXHeadersBuildPhase section */
		7477756E1F25093E009830C8 /* Headers */ = {
			isa = PBXHeadersBuildPhase;
			buildActionMask = 2147483647;
			files = (
				747775811F25093E009830C8 /* NMBS_iOS.h in Headers */,
			);
			runOnlyForDeploymentPostprocessing = 0;
		};
		747775921F2509B2009830C8 /* Headers */ = {
			isa = PBXHeadersBuildPhase;
			buildActionMask = 2147483647;
			files = (
				747775991F2509B2009830C8 /* NMBS_watchOS.h in Headers */,
			);
			runOnlyForDeploymentPostprocessing = 0;
		};
		747775A51F2509EC009830C8 /* Headers */ = {
			isa = PBXHeadersBuildPhase;
			buildActionMask = 2147483647;
			files = (
				747775B81F2509EC009830C8 /* NMBS_tvOS.h in Headers */,
			);
			runOnlyForDeploymentPostprocessing = 0;
		};
		74E29A281F11000A006B40CD /* Headers */ = {
			isa = PBXHeadersBuildPhase;
			buildActionMask = 2147483647;
			files = (
				74E29A3C1F11000A006B40CD /* NMBS.h in Headers */,
			);
			runOnlyForDeploymentPostprocessing = 0;
		};
/* End PBXHeadersBuildPhase section */

/* Begin PBXNativeTarget section */
		747775701F25093E009830C8 /* NMBS-iOS */ = {
			isa = PBXNativeTarget;
			buildConfigurationList = 747775861F25093E009830C8 /* Build configuration list for PBXNativeTarget "NMBS-iOS" */;
			buildPhases = (
				7477756C1F25093E009830C8 /* Sources */,
				7477756D1F25093E009830C8 /* Frameworks */,
				7477756E1F25093E009830C8 /* Headers */,
				7477756F1F25093E009830C8 /* Resources */,
				7474501A1F3C571900718FE6 /* Copy Files to Organizer */,
			);
			buildRules = (
			);
			dependencies = (
			);
			name = "NMBS-iOS";
			productName = "NMBS-iOS";
			productReference = 747775711F25093E009830C8 /* NMBS_iOS.framework */;
			productType = "com.apple.product-type.framework";
		};
		747775781F25093E009830C8 /* NMBS-iOSTests */ = {
			isa = PBXNativeTarget;
			buildConfigurationList = 747775871F25093E009830C8 /* Build configuration list for PBXNativeTarget "NMBS-iOSTests" */;
			buildPhases = (
				747775751F25093E009830C8 /* Sources */,
				747775761F25093E009830C8 /* Frameworks */,
				747775771F25093E009830C8 /* Resources */,
			);
			buildRules = (
			);
			dependencies = (
				7477757C1F25093E009830C8 /* PBXTargetDependency */,
			);
			name = "NMBS-iOSTests";
			productName = "NMBS-iOSTests";
			productReference = 747775791F25093E009830C8 /* NMBS-iOSTests.xctest */;
			productType = "com.apple.product-type.bundle.unit-test";
		};
		747775941F2509B2009830C8 /* NMBS-watchOS */ = {
			isa = PBXNativeTarget;
			buildConfigurationList = 7477759A1F2509B2009830C8 /* Build configuration list for PBXNativeTarget "NMBS-watchOS" */;
			buildPhases = (
				747775901F2509B2009830C8 /* Sources */,
				747775911F2509B2009830C8 /* Frameworks */,
				747775921F2509B2009830C8 /* Headers */,
				747775931F2509B2009830C8 /* Resources */,
				7474501C1F3C575F00718FE6 /* Copy Files to Organiser */,
			);
			buildRules = (
			);
			dependencies = (
			);
			name = "NMBS-watchOS";
			productName = "NMBS-watchOS";
			productReference = 747775951F2509B2009830C8 /* NMBS_watchOS.framework */;
			productType = "com.apple.product-type.framework";
		};
		747775A71F2509EC009830C8 /* NMBS-tvOS */ = {
			isa = PBXNativeTarget;
			buildConfigurationList = 747775B91F2509EC009830C8 /* Build configuration list for PBXNativeTarget "NMBS-tvOS" */;
			buildPhases = (
				747775A31F2509EC009830C8 /* Sources */,
				747775A41F2509EC009830C8 /* Frameworks */,
				747775A51F2509EC009830C8 /* Headers */,
				747775A61F2509EC009830C8 /* Resources */,
				747775CA1F2517BA009830C8 /* Copy Files to Organiser */,
			);
			buildRules = (
			);
			dependencies = (
			);
			name = "NMBS-tvOS";
			productName = "NMBS-tvOS";
			productReference = 747775A81F2509EC009830C8 /* NMBS_tvOS.framework */;
			productType = "com.apple.product-type.framework";
		};
		747775AF1F2509EC009830C8 /* NMBS-tvOSTests */ = {
			isa = PBXNativeTarget;
			buildConfigurationList = 747775BC1F2509EC009830C8 /* Build configuration list for PBXNativeTarget "NMBS-tvOSTests" */;
			buildPhases = (
				747775AC1F2509EC009830C8 /* Sources */,
				747775AD1F2509EC009830C8 /* Frameworks */,
				747775AE1F2509EC009830C8 /* Resources */,
			);
			buildRules = (
			);
			dependencies = (
				747775B31F2509EC009830C8 /* PBXTargetDependency */,
			);
			name = "NMBS-tvOSTests";
			productName = "NMBS-tvOSTests";
			productReference = 747775B01F2509EC009830C8 /* NMBS-tvOSTests.xctest */;
			productType = "com.apple.product-type.bundle.unit-test";
		};
		74E29A2A1F11000A006B40CD /* NMBS */ = {
			isa = PBXNativeTarget;
			buildConfigurationList = 74E29A3F1F11000A006B40CD /* Build configuration list for PBXNativeTarget "NMBS" */;
			buildPhases = (
				74E29A261F11000A006B40CD /* Sources */,
				74E29A271F11000A006B40CD /* Frameworks */,
				74E29A281F11000A006B40CD /* Headers */,
				74E29A291F11000A006B40CD /* Resources */,
				747775CC1F25184C009830C8 /* Copy Files to Organiser */,
			);
			buildRules = (
			);
			dependencies = (
			);
			name = NMBS;
			productName = NMBS;
			productReference = 74E29A2B1F11000A006B40CD /* NMBS.framework */;
			productType = "com.apple.product-type.framework";
		};
		74E29A331F11000A006B40CD /* NMBSTests */ = {
			isa = PBXNativeTarget;
			buildConfigurationList = 74E29A421F11000A006B40CD /* Build configuration list for PBXNativeTarget "NMBSTests" */;
			buildPhases = (
				74E29A301F11000A006B40CD /* Sources */,
				74E29A311F11000A006B40CD /* Frameworks */,
				74E29A321F11000A006B40CD /* Resources */,
			);
			buildRules = (
			);
			dependencies = (
				74E29A371F11000A006B40CD /* PBXTargetDependency */,
			);
			name = NMBSTests;
			productName = NMBSTests;
			productReference = 74E29A341F11000A006B40CD /* NMBSTests.xctest */;
			productType = "com.apple.product-type.bundle.unit-test";
		};
/* End PBXNativeTarget section */

/* Begin PBXProject section */
		74E29A221F110009006B40CD /* Project object */ = {
			isa = PBXProject;
			attributes = {
				LastSwiftUpdateCheck = 0900;
				LastUpgradeCheck = 0900;
				ORGANIZATIONNAME = "Damiaan Dufaux";
				TargetAttributes = {
					747775701F25093E009830C8 = {
						CreatedOnToolsVersion = 9.0;
					};
					747775781F25093E009830C8 = {
						CreatedOnToolsVersion = 9.0;
					};
					747775941F2509B2009830C8 = {
						CreatedOnToolsVersion = 9.0;
					};
					747775A71F2509EC009830C8 = {
						CreatedOnToolsVersion = 9.0;
					};
					747775AF1F2509EC009830C8 = {
						CreatedOnToolsVersion = 9.0;
					};
					74E29A2A1F11000A006B40CD = {
						CreatedOnToolsVersion = 9.0;
						LastSwiftMigration = 0900;
					};
					74E29A331F11000A006B40CD = {
						CreatedOnToolsVersion = 9.0;
					};
				};
			};
			buildConfigurationList = 74E29A251F11000A006B40CD /* Build configuration list for PBXProject "NMBS" */;
			compatibilityVersion = "Xcode 8.0";
			developmentRegion = en;
			hasScannedForEncodings = 0;
			knownRegions = (
				en,
			);
			mainGroup = 74E29A211F110009006B40CD;
			productRefGroup = 74E29A2C1F11000A006B40CD /* Products */;
			projectDirPath = "";
			projectRoot = "";
			targets = (
				74E29A2A1F11000A006B40CD /* NMBS */,
				74E29A331F11000A006B40CD /* NMBSTests */,
				747775701F25093E009830C8 /* NMBS-iOS */,
				747775781F25093E009830C8 /* NMBS-iOSTests */,
				747775A71F2509EC009830C8 /* NMBS-tvOS */,
				747775AF1F2509EC009830C8 /* NMBS-tvOSTests */,
				747775941F2509B2009830C8 /* NMBS-watchOS */,
			);
		};
/* End PBXProject section */

/* Begin PBXResourcesBuildPhase section */
		7477756F1F25093E009830C8 /* Resources */ = {
			isa = PBXResourcesBuildPhase;
			buildActionMask = 2147483647;
			files = (
			);
			runOnlyForDeploymentPostprocessing = 0;
		};
		747775771F25093E009830C8 /* Resources */ = {
			isa = PBXResourcesBuildPhase;
			buildActionMask = 2147483647;
			files = (
			);
			runOnlyForDeploymentPostprocessing = 0;
		};
		747775931F2509B2009830C8 /* Resources */ = {
			isa = PBXResourcesBuildPhase;
			buildActionMask = 2147483647;
			files = (
			);
			runOnlyForDeploymentPostprocessing = 0;
		};
		747775A61F2509EC009830C8 /* Resources */ = {
			isa = PBXResourcesBuildPhase;
			buildActionMask = 2147483647;
			files = (
			);
			runOnlyForDeploymentPostprocessing = 0;
		};
		747775AE1F2509EC009830C8 /* Resources */ = {
			isa = PBXResourcesBuildPhase;
			buildActionMask = 2147483647;
			files = (
			);
			runOnlyForDeploymentPostprocessing = 0;
		};
		74E29A291F11000A006B40CD /* Resources */ = {
			isa = PBXResourcesBuildPhase;
			buildActionMask = 2147483647;
			files = (
			);
			runOnlyForDeploymentPostprocessing = 0;
		};
		74E29A321F11000A006B40CD /* Resources */ = {
			isa = PBXResourcesBuildPhase;
			buildActionMask = 2147483647;
			files = (
			);
			runOnlyForDeploymentPostprocessing = 0;
		};
/* End PBXResourcesBuildPhase section */

/* Begin PBXSourcesBuildPhase section */
		7477756C1F25093E009830C8 /* Sources */ = {
			isa = PBXSourcesBuildPhase;
			buildActionMask = 2147483647;
			files = (
				7477758C1F250951009830C8 /* iRailTripStructures.swift in Sources */,
				7477758B1F250951009830C8 /* Trip.swift in Sources */,
				747775891F250951009830C8 /* RailwayStation.swift in Sources */,
				7477758A1F250951009830C8 /* RailwayStationList.swift in Sources */,
				7477758D1F250951009830C8 /* TripSuggestions.swift in Sources */,
				747775881F250951009830C8 /* decoder.swift in Sources */,
			);
			runOnlyForDeploymentPostprocessing = 0;
		};
		747775751F25093E009830C8 /* Sources */ = {
			isa = PBXSourcesBuildPhase;
			buildActionMask = 2147483647;
			files = (
				7477758F1F250980009830C8 /* TripTests.swift in Sources */,
				7477758E1F250980009830C8 /* RailwayStationTests.swift in Sources */,
			);
			runOnlyForDeploymentPostprocessing = 0;
		};
		747775901F2509B2009830C8 /* Sources */ = {
			isa = PBXSourcesBuildPhase;
			buildActionMask = 2147483647;
			files = (
				747775A11F2509C9009830C8 /* iRailTripStructures.swift in Sources */,
				747775A01F2509C9009830C8 /* Trip.swift in Sources */,
				7477759E1F2509C9009830C8 /* RailwayStation.swift in Sources */,
				7477759F1F2509C9009830C8 /* RailwayStationList.swift in Sources */,
				747775A21F2509C9009830C8 /* TripSuggestions.swift in Sources */,
				7477759D1F2509C9009830C8 /* decoder.swift in Sources */,
			);
			runOnlyForDeploymentPostprocessing = 0;
		};
		747775A31F2509EC009830C8 /* Sources */ = {
			isa = PBXSourcesBuildPhase;
			buildActionMask = 2147483647;
			files = (
				747775C31F2509FD009830C8 /* iRailTripStructures.swift in Sources */,
				747775C21F2509FD009830C8 /* Trip.swift in Sources */,
				747775C01F2509FD009830C8 /* RailwayStation.swift in Sources */,
				747775C11F2509FD009830C8 /* RailwayStationList.swift in Sources */,
				747775C41F2509FD009830C8 /* TripSuggestions.swift in Sources */,
				747775BF1F2509FD009830C8 /* decoder.swift in Sources */,
			);
			runOnlyForDeploymentPostprocessing = 0;
		};
		747775AC1F2509EC009830C8 /* Sources */ = {
			isa = PBXSourcesBuildPhase;
			buildActionMask = 2147483647;
			files = (
				747775C51F250A0B009830C8 /* RailwayStationTests.swift in Sources */,
				747775C61F250A0B009830C8 /* TripTests.swift in Sources */,
				747775B61F2509EC009830C8 /* NMBS_tvOSTests.swift in Sources */,
			);
			runOnlyForDeploymentPostprocessing = 0;
		};
		74E29A261F11000A006B40CD /* Sources */ = {
			isa = PBXSourcesBuildPhase;
			buildActionMask = 2147483647;
			files = (
				74FA53B01F23144100EB3681 /* RailwayStationList.swift in Sources */,
				74FA53B21F233B4E00EB3681 /* Trip.swift in Sources */,
				74B4BF441F236606007B6B77 /* iRailTripStructures.swift in Sources */,
				74C3F1191F234A0C003C46A0 /* decoder.swift in Sources */,
				74E29A461F110034006B40CD /* RailwayStation.swift in Sources */,
				74B4BF421F2352B0007B6B77 /* TripSuggestions.swift in Sources */,
			);
			runOnlyForDeploymentPostprocessing = 0;
		};
		74E29A301F11000A006B40CD /* Sources */ = {
			isa = PBXSourcesBuildPhase;
			buildActionMask = 2147483647;
			files = (
				7437430F1F24FA30003CBA94 /* TripTests.swift in Sources */,
				74E29A3A1F11000A006B40CD /* RailwayStationTests.swift in Sources */,
			);
			runOnlyForDeploymentPostprocessing = 0;
		};
/* End PBXSourcesBuildPhase section */

/* Begin PBXTargetDependency section */
		7477757C1F25093E009830C8 /* PBXTargetDependency */ = {
			isa = PBXTargetDependency;
			target = 747775701F25093E009830C8 /* NMBS-iOS */;
			targetProxy = 7477757B1F25093E009830C8 /* PBXContainerItemProxy */;
		};
		747775B31F2509EC009830C8 /* PBXTargetDependency */ = {
			isa = PBXTargetDependency;
			target = 747775A71F2509EC009830C8 /* NMBS-tvOS */;
			targetProxy = 747775B21F2509EC009830C8 /* PBXContainerItemProxy */;
		};
		74E29A371F11000A006B40CD /* PBXTargetDependency */ = {
			isa = PBXTargetDependency;
			target = 74E29A2A1F11000A006B40CD /* NMBS */;
			targetProxy = 74E29A361F11000A006B40CD /* PBXContainerItemProxy */;
		};
/* End PBXTargetDependency section */

/* Begin XCBuildConfiguration section */
		747775821F25093E009830C8 /* Debug */ = {
			isa = XCBuildConfiguration;
			buildSettings = {
				APPLICATION_EXTENSION_API_ONLY = YES;
				ARCHS = (
					"$(ARCHS_STANDARD)",
					x86_64,
				);
				CODE_SIGN_IDENTITY = "iPhone Developer";
				"CODE_SIGN_IDENTITY[sdk=iphoneos*]" = "";
				DEFINES_MODULE = YES;
				DEVELOPMENT_TEAM = 7TD9A665TC;
				DYLIB_COMPATIBILITY_VERSION = 1;
				DYLIB_CURRENT_VERSION = 1;
				DYLIB_INSTALL_NAME_BASE = "@rpath";
				INFOPLIST_FILE = "Platforms/NMBS-iOS/Info.plist";
				INSTALL_PATH = "$(LOCAL_LIBRARY_DIR)/Frameworks";
				IPHONEOS_DEPLOYMENT_TARGET = 11.0;
				LD_RUNPATH_SEARCH_PATHS = "$(inherited) @executable_path/Frameworks @loader_path/Frameworks";
				ONLY_ACTIVE_ARCH = NO;
				PRODUCT_BUNDLE_IDENTIFIER = "com.devian.NMBS-iOS";
				PRODUCT_NAME = "$(TARGET_NAME:c99extidentifier)";
				SDKROOT = iphoneos;
				SKIP_INSTALL = YES;
				SWIFT_VERSION = 4.0;
				TARGETED_DEVICE_FAMILY = "1,2";
				VALID_ARCHS = "arm64 armv7 armv7s";
			};
			name = Debug;
		};
		747775831F25093E009830C8 /* Release */ = {
			isa = XCBuildConfiguration;
			buildSettings = {
				APPLICATION_EXTENSION_API_ONLY = YES;
				ARCHS = (
					"$(ARCHS_STANDARD)",
					x86_64,
				);
				CODE_SIGN_IDENTITY = "iPhone Developer";
				"CODE_SIGN_IDENTITY[sdk=iphoneos*]" = "";
				DEFINES_MODULE = YES;
				DEVELOPMENT_TEAM = 7TD9A665TC;
				DYLIB_COMPATIBILITY_VERSION = 1;
				DYLIB_CURRENT_VERSION = 1;
				DYLIB_INSTALL_NAME_BASE = "@rpath";
				INFOPLIST_FILE = "Platforms/NMBS-iOS/Info.plist";
				INSTALL_PATH = "$(LOCAL_LIBRARY_DIR)/Frameworks";
				IPHONEOS_DEPLOYMENT_TARGET = 11.0;
				LD_RUNPATH_SEARCH_PATHS = "$(inherited) @executable_path/Frameworks @loader_path/Frameworks";
				PRODUCT_BUNDLE_IDENTIFIER = "com.devian.NMBS-iOS";
				PRODUCT_NAME = "$(TARGET_NAME:c99extidentifier)";
				SDKROOT = iphoneos;
				SKIP_INSTALL = YES;
				SWIFT_VERSION = 4.0;
				TARGETED_DEVICE_FAMILY = "1,2";
				VALIDATE_PRODUCT = YES;
				VALID_ARCHS = "arm64 armv7 armv7s";
			};
			name = Release;
		};
		747775841F25093E009830C8 /* Debug */ = {
			isa = XCBuildConfiguration;
			buildSettings = {
				ALWAYS_EMBED_SWIFT_STANDARD_LIBRARIES = YES;
				CODE_SIGN_IDENTITY = "iPhone Developer";
				DEVELOPMENT_TEAM = 7TD9A665TC;
				INFOPLIST_FILE = "Platforms/NMBS-iOSTests/Info.plist";
				IPHONEOS_DEPLOYMENT_TARGET = 11.0;
				LD_RUNPATH_SEARCH_PATHS = "$(inherited) @executable_path/Frameworks @loader_path/Frameworks";
				PRODUCT_BUNDLE_IDENTIFIER = "com.devian.NMBS-iOSTests";
				PRODUCT_NAME = "$(TARGET_NAME)";
				SDKROOT = iphoneos;
				SWIFT_VERSION = 4.0;
				TARGETED_DEVICE_FAMILY = "1,2";
			};
			name = Debug;
		};
		747775851F25093E009830C8 /* Release */ = {
			isa = XCBuildConfiguration;
			buildSettings = {
				ALWAYS_EMBED_SWIFT_STANDARD_LIBRARIES = YES;
				CODE_SIGN_IDENTITY = "iPhone Developer";
				DEVELOPMENT_TEAM = 7TD9A665TC;
				INFOPLIST_FILE = "Platforms/NMBS-iOSTests/Info.plist";
				IPHONEOS_DEPLOYMENT_TARGET = 11.0;
				LD_RUNPATH_SEARCH_PATHS = "$(inherited) @executable_path/Frameworks @loader_path/Frameworks";
				PRODUCT_BUNDLE_IDENTIFIER = "com.devian.NMBS-iOSTests";
				PRODUCT_NAME = "$(TARGET_NAME)";
				SDKROOT = iphoneos;
				SWIFT_VERSION = 4.0;
				TARGETED_DEVICE_FAMILY = "1,2";
				VALIDATE_PRODUCT = YES;
			};
			name = Release;
		};
		7477759B1F2509B2009830C8 /* Debug */ = {
			isa = XCBuildConfiguration;
			buildSettings = {
				APPLICATION_EXTENSION_API_ONLY = YES;
				CODE_SIGN_IDENTITY = "";
				DEFINES_MODULE = YES;
				DEVELOPMENT_TEAM = 7TD9A665TC;
				DYLIB_COMPATIBILITY_VERSION = 1;
				DYLIB_CURRENT_VERSION = 1;
				DYLIB_INSTALL_NAME_BASE = "@rpath";
				INFOPLIST_FILE = "Platforms/NMBS-watchOS/Info.plist";
				INSTALL_PATH = "$(LOCAL_LIBRARY_DIR)/Frameworks";
				LD_RUNPATH_SEARCH_PATHS = "$(inherited) @executable_path/Frameworks @loader_path/Frameworks";
				PRODUCT_BUNDLE_IDENTIFIER = "com.devian.NMBS-watchOS";
				PRODUCT_NAME = "$(TARGET_NAME:c99extidentifier)";
				SDKROOT = watchos;
				SKIP_INSTALL = YES;
				SWIFT_VERSION = 4.0;
				TARGETED_DEVICE_FAMILY = 4;
				WATCHOS_DEPLOYMENT_TARGET = 4.0;
			};
			name = Debug;
		};
		7477759C1F2509B2009830C8 /* Release */ = {
			isa = XCBuildConfiguration;
			buildSettings = {
				APPLICATION_EXTENSION_API_ONLY = YES;
				CODE_SIGN_IDENTITY = "";
				DEFINES_MODULE = YES;
				DEVELOPMENT_TEAM = 7TD9A665TC;
				DYLIB_COMPATIBILITY_VERSION = 1;
				DYLIB_CURRENT_VERSION = 1;
				DYLIB_INSTALL_NAME_BASE = "@rpath";
				INFOPLIST_FILE = "Platforms/NMBS-watchOS/Info.plist";
				INSTALL_PATH = "$(LOCAL_LIBRARY_DIR)/Frameworks";
				LD_RUNPATH_SEARCH_PATHS = "$(inherited) @executable_path/Frameworks @loader_path/Frameworks";
				PRODUCT_BUNDLE_IDENTIFIER = "com.devian.NMBS-watchOS";
				PRODUCT_NAME = "$(TARGET_NAME:c99extidentifier)";
				SDKROOT = watchos;
				SKIP_INSTALL = YES;
				SWIFT_VERSION = 4.0;
				TARGETED_DEVICE_FAMILY = 4;
				VALIDATE_PRODUCT = YES;
				WATCHOS_DEPLOYMENT_TARGET = 4.0;
			};
			name = Release;
		};
		747775BA1F2509EC009830C8 /* Debug */ = {
			isa = XCBuildConfiguration;
			buildSettings = {
				CODE_SIGN_IDENTITY = "";
				DEFINES_MODULE = YES;
				DEVELOPMENT_TEAM = 7TD9A665TC;
				DYLIB_COMPATIBILITY_VERSION = 1;
				DYLIB_CURRENT_VERSION = 1;
				DYLIB_INSTALL_NAME_BASE = "@rpath";
				INFOPLIST_FILE = "Platforms/NMBS-tvOS/Info.plist";
				INSTALL_PATH = "$(LOCAL_LIBRARY_DIR)/Frameworks";
				LD_RUNPATH_SEARCH_PATHS = "$(inherited) @executable_path/Frameworks @loader_path/Frameworks";
				PRODUCT_BUNDLE_IDENTIFIER = "com.devian.NMBS-tvOS";
				PRODUCT_NAME = "$(TARGET_NAME:c99extidentifier)";
				SDKROOT = appletvos;
				SKIP_INSTALL = YES;
				SWIFT_VERSION = 4.0;
				TARGETED_DEVICE_FAMILY = 3;
				TVOS_DEPLOYMENT_TARGET = 11.0;
			};
			name = Debug;
		};
		747775BB1F2509EC009830C8 /* Release */ = {
			isa = XCBuildConfiguration;
			buildSettings = {
				CODE_SIGN_IDENTITY = "";
				DEFINES_MODULE = YES;
				DEVELOPMENT_TEAM = 7TD9A665TC;
				DYLIB_COMPATIBILITY_VERSION = 1;
				DYLIB_CURRENT_VERSION = 1;
				DYLIB_INSTALL_NAME_BASE = "@rpath";
				INFOPLIST_FILE = "Platforms/NMBS-tvOS/Info.plist";
				INSTALL_PATH = "$(LOCAL_LIBRARY_DIR)/Frameworks";
				LD_RUNPATH_SEARCH_PATHS = "$(inherited) @executable_path/Frameworks @loader_path/Frameworks";
				PRODUCT_BUNDLE_IDENTIFIER = "com.devian.NMBS-tvOS";
				PRODUCT_NAME = "$(TARGET_NAME:c99extidentifier)";
				SDKROOT = appletvos;
				SKIP_INSTALL = YES;
				SWIFT_VERSION = 4.0;
				TARGETED_DEVICE_FAMILY = 3;
				TVOS_DEPLOYMENT_TARGET = 11.0;
				VALIDATE_PRODUCT = YES;
			};
			name = Release;
		};
		747775BD1F2509EC009830C8 /* Debug */ = {
			isa = XCBuildConfiguration;
			buildSettings = {
				ALWAYS_EMBED_SWIFT_STANDARD_LIBRARIES = YES;
				DEVELOPMENT_TEAM = 7TD9A665TC;
				INFOPLIST_FILE = "Platforms/NMBS-tvOSTests/Info.plist";
				LD_RUNPATH_SEARCH_PATHS = "$(inherited) @executable_path/Frameworks @loader_path/Frameworks";
				PRODUCT_BUNDLE_IDENTIFIER = "com.devian.NMBS-tvOSTests";
				PRODUCT_NAME = "$(TARGET_NAME)";
				SDKROOT = appletvos;
				SWIFT_VERSION = 4.0;
				TARGETED_DEVICE_FAMILY = 3;
				TVOS_DEPLOYMENT_TARGET = 11.0;
			};
			name = Debug;
		};
		747775BE1F2509EC009830C8 /* Release */ = {
			isa = XCBuildConfiguration;
			buildSettings = {
				ALWAYS_EMBED_SWIFT_STANDARD_LIBRARIES = YES;
				DEVELOPMENT_TEAM = 7TD9A665TC;
				INFOPLIST_FILE = "Platforms/NMBS-tvOSTests/Info.plist";
				LD_RUNPATH_SEARCH_PATHS = "$(inherited) @executable_path/Frameworks @loader_path/Frameworks";
				PRODUCT_BUNDLE_IDENTIFIER = "com.devian.NMBS-tvOSTests";
				PRODUCT_NAME = "$(TARGET_NAME)";
				SDKROOT = appletvos;
				SWIFT_VERSION = 4.0;
				TARGETED_DEVICE_FAMILY = 3;
				TVOS_DEPLOYMENT_TARGET = 11.0;
				VALIDATE_PRODUCT = YES;
			};
			name = Release;
		};
		74E29A3D1F11000A006B40CD /* Debug */ = {
			isa = XCBuildConfiguration;
			buildSettings = {
				ALWAYS_SEARCH_USER_PATHS = NO;
				CLANG_ANALYZER_NONNULL = YES;
				CLANG_ANALYZER_NUMBER_OBJECT_CONVERSION = YES_AGGRESSIVE;
				CLANG_CXX_LANGUAGE_STANDARD = "gnu++14";
				CLANG_CXX_LIBRARY = "libc++";
				CLANG_ENABLE_MODULES = YES;
				CLANG_ENABLE_OBJC_ARC = YES;
				CLANG_WARN_BLOCK_CAPTURE_AUTORELEASING = YES;
				CLANG_WARN_BOOL_CONVERSION = YES;
				CLANG_WARN_COMMA = YES;
				CLANG_WARN_CONSTANT_CONVERSION = YES;
				CLANG_WARN_DIRECT_OBJC_ISA_USAGE = YES_ERROR;
				CLANG_WARN_DOCUMENTATION_COMMENTS = YES;
				CLANG_WARN_EMPTY_BODY = YES;
				CLANG_WARN_ENUM_CONVERSION = YES;
				CLANG_WARN_INFINITE_RECURSION = YES;
				CLANG_WARN_INT_CONVERSION = YES;
				CLANG_WARN_NON_LITERAL_NULL_CONVERSION = YES;
				CLANG_WARN_OBJC_LITERAL_CONVERSION = YES;
				CLANG_WARN_OBJC_ROOT_CLASS = YES_ERROR;
				CLANG_WARN_RANGE_LOOP_ANALYSIS = YES;
				CLANG_WARN_STRICT_PROTOTYPES = YES;
				CLANG_WARN_SUSPICIOUS_MOVE = YES;
				CLANG_WARN_UNGUARDED_AVAILABILITY = YES_AGGRESSIVE;
				CLANG_WARN_UNREACHABLE_CODE = YES;
				CLANG_WARN__DUPLICATE_METHOD_MATCH = YES;
				CODE_SIGN_IDENTITY = "Mac Developer";
				COPY_PHASE_STRIP = NO;
				CURRENT_PROJECT_VERSION = 1;
				DEBUG_INFORMATION_FORMAT = dwarf;
				ENABLE_STRICT_OBJC_MSGSEND = YES;
				ENABLE_TESTABILITY = YES;
				GCC_C_LANGUAGE_STANDARD = gnu11;
				GCC_DYNAMIC_NO_PIC = NO;
				GCC_NO_COMMON_BLOCKS = YES;
				GCC_OPTIMIZATION_LEVEL = 0;
				GCC_PREPROCESSOR_DEFINITIONS = (
					"DEBUG=1",
					"$(inherited)",
				);
				GCC_WARN_64_TO_32_BIT_CONVERSION = YES;
				GCC_WARN_ABOUT_RETURN_TYPE = YES_ERROR;
				GCC_WARN_UNDECLARED_SELECTOR = YES;
				GCC_WARN_UNINITIALIZED_AUTOS = YES_AGGRESSIVE;
				GCC_WARN_UNUSED_FUNCTION = YES;
				GCC_WARN_UNUSED_VARIABLE = YES;
				MACOSX_DEPLOYMENT_TARGET = 10.12;
				MTL_ENABLE_DEBUG_INFO = YES;
				ONLY_ACTIVE_ARCH = YES;
				SDKROOT = macosx;
				SWIFT_ACTIVE_COMPILATION_CONDITIONS = DEBUG;
				SWIFT_OPTIMIZATION_LEVEL = "-Onone";
				VERSIONING_SYSTEM = "apple-generic";
				VERSION_INFO_PREFIX = "";
			};
			name = Debug;
		};
		74E29A3E1F11000A006B40CD /* Release */ = {
			isa = XCBuildConfiguration;
			buildSettings = {
				ALWAYS_SEARCH_USER_PATHS = NO;
				CLANG_ANALYZER_NONNULL = YES;
				CLANG_ANALYZER_NUMBER_OBJECT_CONVERSION = YES_AGGRESSIVE;
				CLANG_CXX_LANGUAGE_STANDARD = "gnu++14";
				CLANG_CXX_LIBRARY = "libc++";
				CLANG_ENABLE_MODULES = YES;
				CLANG_ENABLE_OBJC_ARC = YES;
				CLANG_WARN_BLOCK_CAPTURE_AUTORELEASING = YES;
				CLANG_WARN_BOOL_CONVERSION = YES;
				CLANG_WARN_COMMA = YES;
				CLANG_WARN_CONSTANT_CONVERSION = YES;
				CLANG_WARN_DIRECT_OBJC_ISA_USAGE = YES_ERROR;
				CLANG_WARN_DOCUMENTATION_COMMENTS = YES;
				CLANG_WARN_EMPTY_BODY = YES;
				CLANG_WARN_ENUM_CONVERSION = YES;
				CLANG_WARN_INFINITE_RECURSION = YES;
				CLANG_WARN_INT_CONVERSION = YES;
				CLANG_WARN_NON_LITERAL_NULL_CONVERSION = YES;
				CLANG_WARN_OBJC_LITERAL_CONVERSION = YES;
				CLANG_WARN_OBJC_ROOT_CLASS = YES_ERROR;
				CLANG_WARN_RANGE_LOOP_ANALYSIS = YES;
				CLANG_WARN_STRICT_PROTOTYPES = YES;
				CLANG_WARN_SUSPICIOUS_MOVE = YES;
				CLANG_WARN_UNGUARDED_AVAILABILITY = YES_AGGRESSIVE;
				CLANG_WARN_UNREACHABLE_CODE = YES;
				CLANG_WARN__DUPLICATE_METHOD_MATCH = YES;
				CODE_SIGN_IDENTITY = "Mac Developer";
				COPY_PHASE_STRIP = NO;
				CURRENT_PROJECT_VERSION = 1;
				DEBUG_INFORMATION_FORMAT = "dwarf-with-dsym";
				ENABLE_NS_ASSERTIONS = NO;
				ENABLE_STRICT_OBJC_MSGSEND = YES;
				GCC_C_LANGUAGE_STANDARD = gnu11;
				GCC_NO_COMMON_BLOCKS = YES;
				GCC_WARN_64_TO_32_BIT_CONVERSION = YES;
				GCC_WARN_ABOUT_RETURN_TYPE = YES_ERROR;
				GCC_WARN_UNDECLARED_SELECTOR = YES;
				GCC_WARN_UNINITIALIZED_AUTOS = YES_AGGRESSIVE;
				GCC_WARN_UNUSED_FUNCTION = YES;
				GCC_WARN_UNUSED_VARIABLE = YES;
				MACOSX_DEPLOYMENT_TARGET = 10.12;
				MTL_ENABLE_DEBUG_INFO = NO;
				SDKROOT = macosx;
				SWIFT_OPTIMIZATION_LEVEL = "-Owholemodule";
				VERSIONING_SYSTEM = "apple-generic";
				VERSION_INFO_PREFIX = "";
			};
			name = Release;
		};
		74E29A401F11000A006B40CD /* Debug */ = {
			isa = XCBuildConfiguration;
			buildSettings = {
				CLANG_ENABLE_MODULES = YES;
				CODE_SIGN_IDENTITY = "";
				COMBINE_HIDPI_IMAGES = YES;
				DEFINES_MODULE = YES;
				DEVELOPMENT_TEAM = 7TD9A665TC;
				DYLIB_COMPATIBILITY_VERSION = 1;
				DYLIB_CURRENT_VERSION = 1;
				DYLIB_INSTALL_NAME_BASE = "@rpath";
				FRAMEWORK_VERSION = A;
				INFOPLIST_FILE = NMBS/Info.plist;
				INSTALL_PATH = "$(LOCAL_LIBRARY_DIR)/Frameworks";
				LD_RUNPATH_SEARCH_PATHS = "$(inherited) @executable_path/../Frameworks @loader_path/Frameworks";
				PRODUCT_BUNDLE_IDENTIFIER = com.devian.NMBS;
				PRODUCT_NAME = "$(TARGET_NAME:c99extidentifier)";
				SKIP_INSTALL = YES;
				SWIFT_OPTIMIZATION_LEVEL = "-Onone";
				SWIFT_VERSION = 4.0;
			};
			name = Debug;
		};
		74E29A411F11000A006B40CD /* Release */ = {
			isa = XCBuildConfiguration;
			buildSettings = {
				CLANG_ENABLE_MODULES = YES;
				CODE_SIGN_IDENTITY = "";
				COMBINE_HIDPI_IMAGES = YES;
				DEFINES_MODULE = YES;
				DEVELOPMENT_TEAM = 7TD9A665TC;
				DYLIB_COMPATIBILITY_VERSION = 1;
				DYLIB_CURRENT_VERSION = 1;
				DYLIB_INSTALL_NAME_BASE = "@rpath";
				FRAMEWORK_VERSION = A;
				INFOPLIST_FILE = NMBS/Info.plist;
				INSTALL_PATH = "$(LOCAL_LIBRARY_DIR)/Frameworks";
				LD_RUNPATH_SEARCH_PATHS = "$(inherited) @executable_path/../Frameworks @loader_path/Frameworks";
				PRODUCT_BUNDLE_IDENTIFIER = com.devian.NMBS;
				PRODUCT_NAME = "$(TARGET_NAME:c99extidentifier)";
				SKIP_INSTALL = YES;
				SWIFT_VERSION = 4.0;
			};
			name = Release;
		};
		74E29A431F11000A006B40CD /* Debug */ = {
			isa = XCBuildConfiguration;
			buildSettings = {
				ALWAYS_EMBED_SWIFT_STANDARD_LIBRARIES = YES;
				COMBINE_HIDPI_IMAGES = YES;
				DEVELOPMENT_TEAM = 7TD9A665TC;
				INFOPLIST_FILE = NMBSTests/Info.plist;
				LD_RUNPATH_SEARCH_PATHS = "$(inherited) @executable_path/../Frameworks @loader_path/../Frameworks";
				PRODUCT_BUNDLE_IDENTIFIER = com.devian.NMBSTests;
				PRODUCT_NAME = "$(TARGET_NAME)";
				SWIFT_VERSION = 4.0;
			};
			name = Debug;
		};
		74E29A441F11000A006B40CD /* Release */ = {
			isa = XCBuildConfiguration;
			buildSettings = {
				ALWAYS_EMBED_SWIFT_STANDARD_LIBRARIES = YES;
				COMBINE_HIDPI_IMAGES = YES;
				DEVELOPMENT_TEAM = 7TD9A665TC;
				INFOPLIST_FILE = NMBSTests/Info.plist;
				LD_RUNPATH_SEARCH_PATHS = "$(inherited) @executable_path/../Frameworks @loader_path/../Frameworks";
				PRODUCT_BUNDLE_IDENTIFIER = com.devian.NMBSTests;
				PRODUCT_NAME = "$(TARGET_NAME)";
				SWIFT_VERSION = 4.0;
			};
			name = Release;
		};
/* End XCBuildConfiguration section */

/* Begin XCConfigurationList section */
		747775861F25093E009830C8 /* Build configuration list for PBXNativeTarget "NMBS-iOS" */ = {
			isa = XCConfigurationList;
			buildConfigurations = (
				747775821F25093E009830C8 /* Debug */,
				747775831F25093E009830C8 /* Release */,
			);
			defaultConfigurationIsVisible = 0;
			defaultConfigurationName = Release;
		};
		747775871F25093E009830C8 /* Build configuration list for PBXNativeTarget "NMBS-iOSTests" */ = {
			isa = XCConfigurationList;
			buildConfigurations = (
				747775841F25093E009830C8 /* Debug */,
				747775851F25093E009830C8 /* Release */,
			);
			defaultConfigurationIsVisible = 0;
			defaultConfigurationName = Release;
		};
		7477759A1F2509B2009830C8 /* Build configuration list for PBXNativeTarget "NMBS-watchOS" */ = {
			isa = XCConfigurationList;
			buildConfigurations = (
				7477759B1F2509B2009830C8 /* Debug */,
				7477759C1F2509B2009830C8 /* Release */,
			);
			defaultConfigurationIsVisible = 0;
			defaultConfigurationName = Release;
		};
		747775B91F2509EC009830C8 /* Build configuration list for PBXNativeTarget "NMBS-tvOS" */ = {
			isa = XCConfigurationList;
			buildConfigurations = (
				747775BA1F2509EC009830C8 /* Debug */,
				747775BB1F2509EC009830C8 /* Release */,
			);
			defaultConfigurationIsVisible = 0;
			defaultConfigurationName = Release;
		};
		747775BC1F2509EC009830C8 /* Build configuration list for PBXNativeTarget "NMBS-tvOSTests" */ = {
			isa = XCConfigurationList;
			buildConfigurations = (
				747775BD1F2509EC009830C8 /* Debug */,
				747775BE1F2509EC009830C8 /* Release */,
			);
			defaultConfigurationIsVisible = 0;
			defaultConfigurationName = Release;
		};
		74E29A251F11000A006B40CD /* Build configuration list for PBXProject "NMBS" */ = {
			isa = XCConfigurationList;
			buildConfigurations = (
				74E29A3D1F11000A006B40CD /* Debug */,
				74E29A3E1F11000A006B40CD /* Release */,
			);
			defaultConfigurationIsVisible = 0;
			defaultConfigurationName = Release;
		};
		74E29A3F1F11000A006B40CD /* Build configuration list for PBXNativeTarget "NMBS" */ = {
			isa = XCConfigurationList;
			buildConfigurations = (
				74E29A401F11000A006B40CD /* Debug */,
				74E29A411F11000A006B40CD /* Release */,
			);
			defaultConfigurationIsVisible = 0;
			defaultConfigurationName = Release;
		};
		74E29A421F11000A006B40CD /* Build configuration list for PBXNativeTarget "NMBSTests" */ = {
			isa = XCConfigurationList;
			buildConfigurations = (
				74E29A431F11000A006B40CD /* Debug */,
				74E29A441F11000A006B40CD /* Release */,
			);
			defaultConfigurationIsVisible = 0;
			defaultConfigurationName = Release;
		};
/* End XCConfigurationList section */
	};
	rootObject = 74E29A221F110009006B40CD /* Project object */;
}
