// !$*UTF8*$!
{
	archiveVersion = 1;
	classes = {
	};
	objectVersion = 48;
	objects = {

/* Begin PBXBuildFile section */
		74C3F1191F234A0C003C46A0 /* decoder.swift in Sources */ = {isa = PBXBuildFile; fileRef = 74C3F1181F234A0C003C46A0 /* decoder.swift */; };
		74E29A351F11000A006B40CD /* NMBS.framework in Frameworks */ = {isa = PBXBuildFile; fileRef = 74E29A2B1F11000A006B40CD /* NMBS.framework */; };
		74E29A3A1F11000A006B40CD /* NMBSTests.swift in Sources */ = {isa = PBXBuildFile; fileRef = 74E29A391F11000A006B40CD /* NMBSTests.swift */; };
		74E29A3C1F11000A006B40CD /* NMBS.h in Headers */ = {isa = PBXBuildFile; fileRef = 74E29A2E1F11000A006B40CD /* NMBS.h */; settings = {ATTRIBUTES = (Public, ); }; };
		74E29A461F110034006B40CD /* Stations.swift in Sources */ = {isa = PBXBuildFile; fileRef = 74E29A451F110033006B40CD /* Stations.swift */; };
		74FA53B01F23144100EB3681 /* nmbsStationList.swift in Sources */ = {isa = PBXBuildFile; fileRef = 74FA53AF1F23144100EB3681 /* nmbsStationList.swift */; };
		74FA53B21F233B4E00EB3681 /* Directions.swift in Sources */ = {isa = PBXBuildFile; fileRef = 74FA53B11F233B4E00EB3681 /* Directions.swift */; };
/* End PBXBuildFile section */

/* Begin PBXContainerItemProxy section */
		74E29A361F11000A006B40CD /* PBXContainerItemProxy */ = {
			isa = PBXContainerItemProxy;
			containerPortal = 74E29A221F110009006B40CD /* Project object */;
			proxyType = 1;
			remoteGlobalIDString = 74E29A2A1F11000A006B40CD;
			remoteInfo = NMBS;
		};
/* End PBXContainerItemProxy section */

/* Begin PBXFileReference section */
		74C3F1181F234A0C003C46A0 /* decoder.swift */ = {isa = PBXFileReference; lastKnownFileType = sourcecode.swift; path = decoder.swift; sourceTree = "<group>"; };
		74E29A2B1F11000A006B40CD /* NMBS.framework */ = {isa = PBXFileReference; explicitFileType = wrapper.framework; includeInIndex = 0; path = NMBS.framework; sourceTree = BUILT_PRODUCTS_DIR; };
		74E29A2E1F11000A006B40CD /* NMBS.h */ = {isa = PBXFileReference; lastKnownFileType = sourcecode.c.h; path = NMBS.h; sourceTree = "<group>"; };
		74E29A2F1F11000A006B40CD /* Info.plist */ = {isa = PBXFileReference; lastKnownFileType = text.plist.xml; path = Info.plist; sourceTree = "<group>"; };
		74E29A341F11000A006B40CD /* NMBSTests.xctest */ = {isa = PBXFileReference; explicitFileType = wrapper.cfbundle; includeInIndex = 0; path = NMBSTests.xctest; sourceTree = BUILT_PRODUCTS_DIR; };
		74E29A391F11000A006B40CD /* NMBSTests.swift */ = {isa = PBXFileReference; lastKnownFileType = sourcecode.swift; path = NMBSTests.swift; sourceTree = "<group>"; };
		74E29A3B1F11000A006B40CD /* Info.plist */ = {isa = PBXFileReference; lastKnownFileType = text.plist.xml; path = Info.plist; sourceTree = "<group>"; };
		74E29A451F110033006B40CD /* Stations.swift */ = {isa = PBXFileReference; lastKnownFileType = sourcecode.swift; path = Stations.swift; sourceTree = "<group>"; };
		74FA53AF1F23144100EB3681 /* nmbsStationList.swift */ = {isa = PBXFileReference; lastKnownFileType = sourcecode.swift; path = nmbsStationList.swift; sourceTree = "<group>"; };
		74FA53B11F233B4E00EB3681 /* Directions.swift */ = {isa = PBXFileReference; lastKnownFileType = sourcecode.swift; path = Directions.swift; sourceTree = "<group>"; };
/* End PBXFileReference section */

/* Begin PBXFrameworksBuildPhase section */
		74E29A271F11000A006B40CD /* Frameworks */ = {
			isa = PBXFrameworksBuildPhase;
			buildActionMask = 2147483647;
			files = (
			);
			runOnlyForDeploymentPostprocessing = 0;
		};
		74E29A311F11000A006B40CD /* Frameworks */ = {
			isa = PBXFrameworksBuildPhase;
			buildActionMask = 2147483647;
			files = (
				74E29A351F11000A006B40CD /* NMBS.framework in Frameworks */,
			);
			runOnlyForDeploymentPostprocessing = 0;
		};
/* End PBXFrameworksBuildPhase section */

/* Begin PBXGroup section */
		74E29A211F110009006B40CD = {
			isa = PBXGroup;
			children = (
				74E29A2D1F11000A006B40CD /* NMBS */,
				74E29A381F11000A006B40CD /* NMBSTests */,
				74E29A2C1F11000A006B40CD /* Products */,
			);
			sourceTree = "<group>";
		};
		74E29A2C1F11000A006B40CD /* Products */ = {
			isa = PBXGroup;
			children = (
				74E29A2B1F11000A006B40CD /* NMBS.framework */,
				74E29A341F11000A006B40CD /* NMBSTests.xctest */,
			);
			name = Products;
			sourceTree = "<group>";
		};
		74E29A2D1F11000A006B40CD /* NMBS */ = {
			isa = PBXGroup;
			children = (
				74E29A2E1F11000A006B40CD /* NMBS.h */,
				74C3F1181F234A0C003C46A0 /* decoder.swift */,
				74E29A451F110033006B40CD /* Stations.swift */,
				74FA53AF1F23144100EB3681 /* nmbsStationList.swift */,
				74E29A2F1F11000A006B40CD /* Info.plist */,
				74FA53B11F233B4E00EB3681 /* Directions.swift */,
			);
			path = NMBS;
			sourceTree = "<group>";
		};
		74E29A381F11000A006B40CD /* NMBSTests */ = {
			isa = PBXGroup;
			children = (
				74E29A391F11000A006B40CD /* NMBSTests.swift */,
				74E29A3B1F11000A006B40CD /* Info.plist */,
			);
			path = NMBSTests;
			sourceTree = "<group>";
		};
/* End PBXGroup section */

/* Begin PBXHeadersBuildPhase section */
		74E29A281F11000A006B40CD /* Headers */ = {
			isa = PBXHeadersBuildPhase;
			buildActionMask = 2147483647;
			files = (
				74E29A3C1F11000A006B40CD /* NMBS.h in Headers */,
			);
			runOnlyForDeploymentPostprocessing = 0;
		};
/* End PBXHeadersBuildPhase section */

/* Begin PBXNativeTarget section */
		74E29A2A1F11000A006B40CD /* NMBS */ = {
			isa = PBXNativeTarget;
			buildConfigurationList = 74E29A3F1F11000A006B40CD /* Build configuration list for PBXNativeTarget "NMBS" */;
			buildPhases = (
				74E29A261F11000A006B40CD /* Sources */,
				74E29A271F11000A006B40CD /* Frameworks */,
				74E29A281F11000A006B40CD /* Headers */,
				74E29A291F11000A006B40CD /* Resources */,
			);
			buildRules = (
			);
			dependencies = (
			);
			name = NMBS;
			productName = NMBS;
			productReference = 74E29A2B1F11000A006B40CD /* NMBS.framework */;
			productType = "com.apple.product-type.framework";
		};
		74E29A331F11000A006B40CD /* NMBSTests */ = {
			isa = PBXNativeTarget;
			buildConfigurationList = 74E29A421F11000A006B40CD /* Build configuration list for PBXNativeTarget "NMBSTests" */;
			buildPhases = (
				74E29A301F11000A006B40CD /* Sources */,
				74E29A311F11000A006B40CD /* Frameworks */,
				74E29A321F11000A006B40CD /* Resources */,
			);
			buildRules = (
			);
			dependencies = (
				74E29A371F11000A006B40CD /* PBXTargetDependency */,
			);
			name = NMBSTests;
			productName = NMBSTests;
			productReference = 74E29A341F11000A006B40CD /* NMBSTests.xctest */;
			productType = "com.apple.product-type.bundle.unit-test";
		};
/* End PBXNativeTarget section */

/* Begin PBXProject section */
		74E29A221F110009006B40CD /* Project object */ = {
			isa = PBXProject;
			attributes = {
				LastSwiftUpdateCheck = 0900;
				LastUpgradeCheck = 0900;
				ORGANIZATIONNAME = "Damiaan Dufaux";
				TargetAttributes = {
					74E29A2A1F11000A006B40CD = {
						CreatedOnToolsVersion = 9.0;
						LastSwiftMigration = 0900;
					};
					74E29A331F11000A006B40CD = {
						CreatedOnToolsVersion = 9.0;
					};
				};
			};
			buildConfigurationList = 74E29A251F11000A006B40CD /* Build configuration list for PBXProject "NMBS" */;
			compatibilityVersion = "Xcode 8.0";
			developmentRegion = en;
			hasScannedForEncodings = 0;
			knownRegions = (
				en,
			);
			mainGroup = 74E29A211F110009006B40CD;
			productRefGroup = 74E29A2C1F11000A006B40CD /* Products */;
			projectDirPath = "";
			projectRoot = "";
			targets = (
				74E29A2A1F11000A006B40CD /* NMBS */,
				74E29A331F11000A006B40CD /* NMBSTests */,
			);
		};
/* End PBXProject section */

/* Begin PBXResourcesBuildPhase section */
		74E29A291F11000A006B40CD /* Resources */ = {
			isa = PBXResourcesBuildPhase;
			buildActionMask = 2147483647;
			files = (
			);
			runOnlyForDeploymentPostprocessing = 0;
		};
		74E29A321F11000A006B40CD /* Resources */ = {
			isa = PBXResourcesBuildPhase;
			buildActionMask = 2147483647;
			files = (
			);
			runOnlyForDeploymentPostprocessing = 0;
		};
/* End PBXResourcesBuildPhase section */

/* Begin PBXSourcesBuildPhase section */
		74E29A261F11000A006B40CD /* Sources */ = {
			isa = PBXSourcesBuildPhase;
			buildActionMask = 2147483647;
			files = (
				74FA53B01F23144100EB3681 /* nmbsStationList.swift in Sources */,
				74FA53B21F233B4E00EB3681 /* Directions.swift in Sources */,
				74C3F1191F234A0C003C46A0 /* decoder.swift in Sources */,
				74E29A461F110034006B40CD /* Stations.swift in Sources */,
			);
			runOnlyForDeploymentPostprocessing = 0;
		};
		74E29A301F11000A006B40CD /* Sources */ = {
			isa = PBXSourcesBuildPhase;
			buildActionMask = 2147483647;
			files = (
				74E29A3A1F11000A006B40CD /* NMBSTests.swift in Sources */,
			);
			runOnlyForDeploymentPostprocessing = 0;
		};
/* End PBXSourcesBuildPhase section */

/* Begin PBXTargetDependency section */
		74E29A371F11000A006B40CD /* PBXTargetDependency */ = {
			isa = PBXTargetDependency;
			target = 74E29A2A1F11000A006B40CD /* NMBS */;
			targetProxy = 74E29A361F11000A006B40CD /* PBXContainerItemProxy */;
		};
/* End PBXTargetDependency section */

/* Begin XCBuildConfiguration section */
		74E29A3D1F11000A006B40CD /* Debug */ = {
			isa = XCBuildConfiguration;
			buildSettings = {
				ALWAYS_SEARCH_USER_PATHS = NO;
				CLANG_ANALYZER_NONNULL = YES;
				CLANG_ANALYZER_NUMBER_OBJECT_CONVERSION = YES_AGGRESSIVE;
				CLANG_CXX_LANGUAGE_STANDARD = "gnu++14";
				CLANG_CXX_LIBRARY = "libc++";
				CLANG_ENABLE_MODULES = YES;
				CLANG_ENABLE_OBJC_ARC = YES;
				CLANG_WARN_BLOCK_CAPTURE_AUTORELEASING = YES;
				CLANG_WARN_BOOL_CONVERSION = YES;
				CLANG_WARN_COMMA = YES;
				CLANG_WARN_CONSTANT_CONVERSION = YES;
				CLANG_WARN_DIRECT_OBJC_ISA_USAGE = YES_ERROR;
				CLANG_WARN_DOCUMENTATION_COMMENTS = YES;
				CLANG_WARN_EMPTY_BODY = YES;
				CLANG_WARN_ENUM_CONVERSION = YES;
				CLANG_WARN_INFINITE_RECURSION = YES;
				CLANG_WARN_INT_CONVERSION = YES;
				CLANG_WARN_OBJC_ROOT_CLASS = YES_ERROR;
				CLANG_WARN_RANGE_LOOP_ANALYSIS = YES;
				CLANG_WARN_STRICT_PROTOTYPES = YES;
				CLANG_WARN_SUSPICIOUS_MOVE = YES;
				CLANG_WARN_UNGUARDED_AVAILABILITY = YES_AGGRESSIVE;
				CLANG_WARN_UNREACHABLE_CODE = YES;
				CLANG_WARN__DUPLICATE_METHOD_MATCH = YES;
				CODE_SIGN_IDENTITY = "Mac Developer";
				COPY_PHASE_STRIP = NO;
				CURRENT_PROJECT_VERSION = 1;
				DEBUG_INFORMATION_FORMAT = dwarf;
				ENABLE_STRICT_OBJC_MSGSEND = YES;
				ENABLE_TESTABILITY = YES;
				GCC_C_LANGUAGE_STANDARD = gnu11;
				GCC_DYNAMIC_NO_PIC = NO;
				GCC_NO_COMMON_BLOCKS = YES;
				GCC_OPTIMIZATION_LEVEL = 0;
				GCC_PREPROCESSOR_DEFINITIONS = (
					"DEBUG=1",
					"$(inherited)",
				);
				GCC_WARN_64_TO_32_BIT_CONVERSION = YES;
				GCC_WARN_ABOUT_RETURN_TYPE = YES_ERROR;
				GCC_WARN_UNDECLARED_SELECTOR = YES;
				GCC_WARN_UNINITIALIZED_AUTOS = YES_AGGRESSIVE;
				GCC_WARN_UNUSED_FUNCTION = YES;
				GCC_WARN_UNUSED_VARIABLE = YES;
				MACOSX_DEPLOYMENT_TARGET = 10.12;
				MTL_ENABLE_DEBUG_INFO = YES;
				ONLY_ACTIVE_ARCH = YES;
				SDKROOT = macosx;
				SWIFT_ACTIVE_COMPILATION_CONDITIONS = DEBUG;
				SWIFT_OPTIMIZATION_LEVEL = "-Onone";
				VERSIONING_SYSTEM = "apple-generic";
				VERSION_INFO_PREFIX = "";
			};
			name = Debug;
		};
		74E29A3E1F11000A006B40CD /* Release */ = {
			isa = XCBuildConfiguration;
			buildSettings = {
				ALWAYS_SEARCH_USER_PATHS = NO;
				CLANG_ANALYZER_NONNULL = YES;
				CLANG_ANALYZER_NUMBER_OBJECT_CONVERSION = YES_AGGRESSIVE;
				CLANG_CXX_LANGUAGE_STANDARD = "gnu++14";
				CLANG_CXX_LIBRARY = "libc++";
				CLANG_ENABLE_MODULES = YES;
				CLANG_ENABLE_OBJC_ARC = YES;
				CLANG_WARN_BLOCK_CAPTURE_AUTORELEASING = YES;
				CLANG_WARN_BOOL_CONVERSION = YES;
				CLANG_WARN_COMMA = YES;
				CLANG_WARN_CONSTANT_CONVERSION = YES;
				CLANG_WARN_DIRECT_OBJC_ISA_USAGE = YES_ERROR;
				CLANG_WARN_DOCUMENTATION_COMMENTS = YES;
				CLANG_WARN_EMPTY_BODY = YES;
				CLANG_WARN_ENUM_CONVERSION = YES;
				CLANG_WARN_INFINITE_RECURSION = YES;
				CLANG_WARN_INT_CONVERSION = YES;
				CLANG_WARN_OBJC_ROOT_CLASS = YES_ERROR;
				CLANG_WARN_RANGE_LOOP_ANALYSIS = YES;
				CLANG_WARN_STRICT_PROTOTYPES = YES;
				CLANG_WARN_SUSPICIOUS_MOVE = YES;
				CLANG_WARN_UNGUARDED_AVAILABILITY = YES_AGGRESSIVE;
				CLANG_WARN_UNREACHABLE_CODE = YES;
				CLANG_WARN__DUPLICATE_METHOD_MATCH = YES;
				CODE_SIGN_IDENTITY = "Mac Developer";
				COPY_PHASE_STRIP = NO;
				CURRENT_PROJECT_VERSION = 1;
				DEBUG_INFORMATION_FORMAT = "dwarf-with-dsym";
				ENABLE_NS_ASSERTIONS = NO;
				ENABLE_STRICT_OBJC_MSGSEND = YES;
				GCC_C_LANGUAGE_STANDARD = gnu11;
				GCC_NO_COMMON_BLOCKS = YES;
				GCC_WARN_64_TO_32_BIT_CONVERSION = YES;
				GCC_WARN_ABOUT_RETURN_TYPE = YES_ERROR;
				GCC_WARN_UNDECLARED_SELECTOR = YES;
				GCC_WARN_UNINITIALIZED_AUTOS = YES_AGGRESSIVE;
				GCC_WARN_UNUSED_FUNCTION = YES;
				GCC_WARN_UNUSED_VARIABLE = YES;
				MACOSX_DEPLOYMENT_TARGET = 10.12;
				MTL_ENABLE_DEBUG_INFO = NO;
				SDKROOT = macosx;
				SWIFT_OPTIMIZATION_LEVEL = "-Owholemodule";
				VERSIONING_SYSTEM = "apple-generic";
				VERSION_INFO_PREFIX = "";
			};
			name = Release;
		};
		74E29A401F11000A006B40CD /* Debug */ = {
			isa = XCBuildConfiguration;
			buildSettings = {
				CLANG_ENABLE_MODULES = YES;
				CODE_SIGN_IDENTITY = "";
				COMBINE_HIDPI_IMAGES = YES;
				DEFINES_MODULE = YES;
				DEVELOPMENT_TEAM = 7TD9A665TC;
				DYLIB_COMPATIBILITY_VERSION = 1;
				DYLIB_CURRENT_VERSION = 1;
				DYLIB_INSTALL_NAME_BASE = "@rpath";
				FRAMEWORK_VERSION = A;
				INFOPLIST_FILE = NMBS/Info.plist;
				INSTALL_PATH = "$(LOCAL_LIBRARY_DIR)/Frameworks";
				LD_RUNPATH_SEARCH_PATHS = "$(inherited) @executable_path/../Frameworks @loader_path/Frameworks";
				PRODUCT_BUNDLE_IDENTIFIER = com.devian.NMBS;
				PRODUCT_NAME = "$(TARGET_NAME:c99extidentifier)";
				SKIP_INSTALL = YES;
				SWIFT_OPTIMIZATION_LEVEL = "-Onone";
				SWIFT_VERSION = 4.0;
			};
			name = Debug;
		};
		74E29A411F11000A006B40CD /* Release */ = {
			isa = XCBuildConfiguration;
			buildSettings = {
				CLANG_ENABLE_MODULES = YES;
				CODE_SIGN_IDENTITY = "";
				COMBINE_HIDPI_IMAGES = YES;
				DEFINES_MODULE = YES;
				DEVELOPMENT_TEAM = 7TD9A665TC;
				DYLIB_COMPATIBILITY_VERSION = 1;
				DYLIB_CURRENT_VERSION = 1;
				DYLIB_INSTALL_NAME_BASE = "@rpath";
				FRAMEWORK_VERSION = A;
				INFOPLIST_FILE = NMBS/Info.plist;
				INSTALL_PATH = "$(LOCAL_LIBRARY_DIR)/Frameworks";
				LD_RUNPATH_SEARCH_PATHS = "$(inherited) @executable_path/../Frameworks @loader_path/Frameworks";
				PRODUCT_BUNDLE_IDENTIFIER = com.devian.NMBS;
				PRODUCT_NAME = "$(TARGET_NAME:c99extidentifier)";
				SKIP_INSTALL = YES;
				SWIFT_VERSION = 4.0;
			};
			name = Release;
		};
		74E29A431F11000A006B40CD /* Debug */ = {
			isa = XCBuildConfiguration;
			buildSettings = {
				ALWAYS_EMBED_SWIFT_STANDARD_LIBRARIES = YES;
				COMBINE_HIDPI_IMAGES = YES;
				DEVELOPMENT_TEAM = 7TD9A665TC;
				INFOPLIST_FILE = NMBSTests/Info.plist;
				LD_RUNPATH_SEARCH_PATHS = "$(inherited) @executable_path/../Frameworks @loader_path/../Frameworks";
				PRODUCT_BUNDLE_IDENTIFIER = com.devian.NMBSTests;
				PRODUCT_NAME = "$(TARGET_NAME)";
				SWIFT_VERSION = 4.0;
			};
			name = Debug;
		};
		74E29A441F11000A006B40CD /* Release */ = {
			isa = XCBuildConfiguration;
			buildSettings = {
				ALWAYS_EMBED_SWIFT_STANDARD_LIBRARIES = YES;
				COMBINE_HIDPI_IMAGES = YES;
				DEVELOPMENT_TEAM = 7TD9A665TC;
				INFOPLIST_FILE = NMBSTests/Info.plist;
				LD_RUNPATH_SEARCH_PATHS = "$(inherited) @executable_path/../Frameworks @loader_path/../Frameworks";
				PRODUCT_BUNDLE_IDENTIFIER = com.devian.NMBSTests;
				PRODUCT_NAME = "$(TARGET_NAME)";
				SWIFT_VERSION = 4.0;
			};
			name = Release;
		};
/* End XCBuildConfiguration section */

/* Begin XCConfigurationList section */
		74E29A251F11000A006B40CD /* Build configuration list for PBXProject "NMBS" */ = {
			isa = XCConfigurationList;
			buildConfigurations = (
				74E29A3D1F11000A006B40CD /* Debug */,
				74E29A3E1F11000A006B40CD /* Release */,
			);
			defaultConfigurationIsVisible = 0;
			defaultConfigurationName = Release;
		};
		74E29A3F1F11000A006B40CD /* Build configuration list for PBXNativeTarget "NMBS" */ = {
			isa = XCConfigurationList;
			buildConfigurations = (
				74E29A401F11000A006B40CD /* Debug */,
				74E29A411F11000A006B40CD /* Release */,
			);
			defaultConfigurationIsVisible = 0;
			defaultConfigurationName = Release;
		};
		74E29A421F11000A006B40CD /* Build configuration list for PBXNativeTarget "NMBSTests" */ = {
			isa = XCConfigurationList;
			buildConfigurations = (
				74E29A431F11000A006B40CD /* Debug */,
				74E29A441F11000A006B40CD /* Release */,
			);
			defaultConfigurationIsVisible = 0;
			defaultConfigurationName = Release;
		};
/* End XCConfigurationList section */
	};
	rootObject = 74E29A221F110009006B40CD /* Project object */;
}
